// !$*UTF8*$!
{
	archiveVersion = 1;
	classes = {
	};
	objectVersion = 50;
	objects = {

/* Begin PBXBuildFile section */
		38048A3421CCF8DA00299FD4 /* AppDelegate.swift in Sources */ = {isa = PBXBuildFile; fileRef = 38048A3321CCF8DA00299FD4 /* AppDelegate.swift */; };
		38048A3621CCF8DA00299FD4 /* ViewController.swift in Sources */ = {isa = PBXBuildFile; fileRef = 38048A3521CCF8DA00299FD4 /* ViewController.swift */; };
		38048A3921CCF8DA00299FD4 /* Main.storyboard in Resources */ = {isa = PBXBuildFile; fileRef = 38048A3721CCF8DA00299FD4 /* Main.storyboard */; };
		38048A3B21CCF8DB00299FD4 /* Assets.xcassets in Resources */ = {isa = PBXBuildFile; fileRef = 38048A3A21CCF8DB00299FD4 /* Assets.xcassets */; };
		38048A3E21CCF8DB00299FD4 /* LaunchScreen.storyboard in Resources */ = {isa = PBXBuildFile; fileRef = 38048A3C21CCF8DB00299FD4 /* LaunchScreen.storyboard */; };
		38048A4921CCF8DB00299FD4 /* ChangeViewSampleTests.swift in Sources */ = {isa = PBXBuildFile; fileRef = 38048A4821CCF8DB00299FD4 /* ChangeViewSampleTests.swift */; };
		38048A5421CCF8DB00299FD4 /* ChangeViewSampleUITests.swift in Sources */ = {isa = PBXBuildFile; fileRef = 38048A5321CCF8DB00299FD4 /* ChangeViewSampleUITests.swift */; };
		38048A6221CCF91400299FD4 /* RedView.xib in Resources */ = {isa = PBXBuildFile; fileRef = 38048A6121CCF91400299FD4 /* RedView.xib */; };
		38048A6421CCF92A00299FD4 /* BlueView.xib in Resources */ = {isa = PBXBuildFile; fileRef = 38048A6321CCF92A00299FD4 /* BlueView.xib */; };
/* End PBXBuildFile section */

/* Begin PBXContainerItemProxy section */
		38048A4521CCF8DB00299FD4 /* PBXContainerItemProxy */ = {
			isa = PBXContainerItemProxy;
			containerPortal = 38048A2821CCF8DA00299FD4 /* Project object */;
			proxyType = 1;
			remoteGlobalIDString = 38048A2F21CCF8DA00299FD4;
			remoteInfo = ChangeViewSample;
		};
		38048A5021CCF8DB00299FD4 /* PBXContainerItemProxy */ = {
			isa = PBXContainerItemProxy;
			containerPortal = 38048A2821CCF8DA00299FD4 /* Project object */;
			proxyType = 1;
			remoteGlobalIDString = 38048A2F21CCF8DA00299FD4;
			remoteInfo = ChangeViewSample;
		};
/* End PBXContainerItemProxy section */

/* Begin PBXFileReference section */
		38048A3021CCF8DA00299FD4 /* ChangeViewSample.app */ = {isa = PBXFileReference; explicitFileType = wrapper.application; includeInIndex = 0; path = ChangeViewSample.app; sourceTree = BUILT_PRODUCTS_DIR; };
		38048A3321CCF8DA00299FD4 /* AppDelegate.swift */ = {isa = PBXFileReference; lastKnownFileType = sourcecode.swift; path = AppDelegate.swift; sourceTree = "<group>"; };
		38048A3521CCF8DA00299FD4 /* ViewController.swift */ = {isa = PBXFileReference; lastKnownFileType = sourcecode.swift; path = ViewController.swift; sourceTree = "<group>"; };
		38048A3821CCF8DA00299FD4 /* Base */ = {isa = PBXFileReference; lastKnownFileType = file.storyboard; name = Base; path = Base.lproj/Main.storyboard; sourceTree = "<group>"; };
		38048A3A21CCF8DB00299FD4 /* Assets.xcassets */ = {isa = PBXFileReference; lastKnownFileType = folder.assetcatalog; path = Assets.xcassets; sourceTree = "<group>"; };
		38048A3D21CCF8DB00299FD4 /* Base */ = {isa = PBXFileReference; lastKnownFileType = file.storyboard; name = Base; path = Base.lproj/LaunchScreen.storyboard; sourceTree = "<group>"; };
		38048A3F21CCF8DB00299FD4 /* Info.plist */ = {isa = PBXFileReference; lastKnownFileType = text.plist.xml; path = Info.plist; sourceTree = "<group>"; };
		38048A4421CCF8DB00299FD4 /* ChangeViewSampleTests.xctest */ = {isa = PBXFileReference; explicitFileType = wrapper.cfbundle; includeInIndex = 0; path = ChangeViewSampleTests.xctest; sourceTree = BUILT_PRODUCTS_DIR; };
		38048A4821CCF8DB00299FD4 /* ChangeViewSampleTests.swift */ = {isa = PBXFileReference; lastKnownFileType = sourcecode.swift; path = ChangeViewSampleTests.swift; sourceTree = "<group>"; };
		38048A4A21CCF8DB00299FD4 /* Info.plist */ = {isa = PBXFileReference; lastKnownFileType = text.plist.xml; path = Info.plist; sourceTree = "<group>"; };
		38048A4F21CCF8DB00299FD4 /* ChangeViewSampleUITests.xctest */ = {isa = PBXFileReference; explicitFileType = wrapper.cfbundle; includeInIndex = 0; path = ChangeViewSampleUITests.xctest; sourceTree = BUILT_PRODUCTS_DIR; };
		38048A5321CCF8DB00299FD4 /* ChangeViewSampleUITests.swift */ = {isa = PBXFileReference; lastKnownFileType = sourcecode.swift; path = ChangeViewSampleUITests.swift; sourceTree = "<group>"; };
		38048A5521CCF8DB00299FD4 /* Info.plist */ = {isa = PBXFileReference; lastKnownFileType = text.plist.xml; path = Info.plist; sourceTree = "<group>"; };
		38048A6121CCF91400299FD4 /* RedView.xib */ = {isa = PBXFileReference; lastKnownFileType = file.xib; path = RedView.xib; sourceTree = "<group>"; };
		38048A6321CCF92A00299FD4 /* BlueView.xib */ = {isa = PBXFileReference; lastKnownFileType = file.xib; path = BlueView.xib; sourceTree = "<group>"; };
/* End PBXFileReference section */

/* Begin PBXFrameworksBuildPhase section */
		38048A2D21CCF8DA00299FD4 /* Frameworks */ = {
			isa = PBXFrameworksBuildPhase;
			buildActionMask = 2147483647;
			files = (
			);
			runOnlyForDeploymentPostprocessing = 0;
		};
		38048A4121CCF8DB00299FD4 /* Frameworks */ = {
			isa = PBXFrameworksBuildPhase;
			buildActionMask = 2147483647;
			files = (
			);
			runOnlyForDeploymentPostprocessing = 0;
		};
		38048A4C21CCF8DB00299FD4 /* Frameworks */ = {
			isa = PBXFrameworksBuildPhase;
			buildActionMask = 2147483647;
			files = (
			);
			runOnlyForDeploymentPostprocessing = 0;
		};
/* End PBXFrameworksBuildPhase section */

/* Begin PBXGroup section */
		38048A2721CCF8DA00299FD4 = {
			isa = PBXGroup;
			children = (
				38048A3221CCF8DA00299FD4 /* ChangeViewSample */,
				38048A4721CCF8DB00299FD4 /* ChangeViewSampleTests */,
				38048A5221CCF8DB00299FD4 /* ChangeViewSampleUITests */,
				38048A3121CCF8DA00299FD4 /* Products */,
			);
			sourceTree = "<group>";
		};
		38048A3121CCF8DA00299FD4 /* Products */ = {
			isa = PBXGroup;
			children = (
				38048A3021CCF8DA00299FD4 /* ChangeViewSample.app */,
				38048A4421CCF8DB00299FD4 /* ChangeViewSampleTests.xctest */,
				38048A4F21CCF8DB00299FD4 /* ChangeViewSampleUITests.xctest */,
			);
			name = Products;
			sourceTree = "<group>";
		};
		38048A3221CCF8DA00299FD4 /* ChangeViewSample */ = {
			isa = PBXGroup;
			children = (
				38048A3321CCF8DA00299FD4 /* AppDelegate.swift */,
				38048A3521CCF8DA00299FD4 /* ViewController.swift */,
				38048A3721CCF8DA00299FD4 /* Main.storyboard */,
				38048A3A21CCF8DB00299FD4 /* Assets.xcassets */,
				38048A3C21CCF8DB00299FD4 /* LaunchScreen.storyboard */,
				38048A3F21CCF8DB00299FD4 /* Info.plist */,
				38048A6121CCF91400299FD4 /* RedView.xib */,
				38048A6321CCF92A00299FD4 /* BlueView.xib */,
			);
			path = ChangeViewSample;
			sourceTree = "<group>";
		};
		38048A4721CCF8DB00299FD4 /* ChangeViewSampleTests */ = {
			isa = PBXGroup;
			children = (
				38048A4821CCF8DB00299FD4 /* ChangeViewSampleTests.swift */,
				38048A4A21CCF8DB00299FD4 /* Info.plist */,
			);
			path = ChangeViewSampleTests;
			sourceTree = "<group>";
		};
		38048A5221CCF8DB00299FD4 /* ChangeViewSampleUITests */ = {
			isa = PBXGroup;
			children = (
				38048A5321CCF8DB00299FD4 /* ChangeViewSampleUITests.swift */,
				38048A5521CCF8DB00299FD4 /* Info.plist */,
			);
			path = ChangeViewSampleUITests;
			sourceTree = "<group>";
		};
/* End PBXGroup section */

/* Begin PBXNativeTarget section */
		38048A2F21CCF8DA00299FD4 /* ChangeViewSample */ = {
			isa = PBXNativeTarget;
			buildConfigurationList = 38048A5821CCF8DB00299FD4 /* Build configuration list for PBXNativeTarget "ChangeViewSample" */;
			buildPhases = (
				38048A2C21CCF8DA00299FD4 /* Sources */,
				38048A2D21CCF8DA00299FD4 /* Frameworks */,
				38048A2E21CCF8DA00299FD4 /* Resources */,
			);
			buildRules = (
			);
			dependencies = (
			);
			name = ChangeViewSample;
			productName = ChangeViewSample;
			productReference = 38048A3021CCF8DA00299FD4 /* ChangeViewSample.app */;
			productType = "com.apple.product-type.application";
		};
		38048A4321CCF8DB00299FD4 /* ChangeViewSampleTests */ = {
			isa = PBXNativeTarget;
			buildConfigurationList = 38048A5B21CCF8DB00299FD4 /* Build configuration list for PBXNativeTarget "ChangeViewSampleTests" */;
			buildPhases = (
				38048A4021CCF8DB00299FD4 /* Sources */,
				38048A4121CCF8DB00299FD4 /* Frameworks */,
				38048A4221CCF8DB00299FD4 /* Resources */,
			);
			buildRules = (
			);
			dependencies = (
				38048A4621CCF8DB00299FD4 /* PBXTargetDependency */,
			);
			name = ChangeViewSampleTests;
			productName = ChangeViewSampleTests;
			productReference = 38048A4421CCF8DB00299FD4 /* ChangeViewSampleTests.xctest */;
			productType = "com.apple.product-type.bundle.unit-test";
		};
		38048A4E21CCF8DB00299FD4 /* ChangeViewSampleUITests */ = {
			isa = PBXNativeTarget;
			buildConfigurationList = 38048A5E21CCF8DB00299FD4 /* Build configuration list for PBXNativeTarget "ChangeViewSampleUITests" */;
			buildPhases = (
				38048A4B21CCF8DB00299FD4 /* Sources */,
				38048A4C21CCF8DB00299FD4 /* Frameworks */,
				38048A4D21CCF8DB00299FD4 /* Resources */,
			);
			buildRules = (
			);
			dependencies = (
				38048A5121CCF8DB00299FD4 /* PBXTargetDependency */,
			);
			name = ChangeViewSampleUITests;
			productName = ChangeViewSampleUITests;
			productReference = 38048A4F21CCF8DB00299FD4 /* ChangeViewSampleUITests.xctest */;
			productType = "com.apple.product-type.bundle.ui-testing";
		};
/* End PBXNativeTarget section */

/* Begin PBXProject section */
		38048A2821CCF8DA00299FD4 /* Project object */ = {
			isa = PBXProject;
			attributes = {
				LastSwiftUpdateCheck = 1000;
				LastUpgradeCheck = 1000;
				ORGANIZATIONNAME = "okabe-miyuu";
				TargetAttributes = {
					38048A2F21CCF8DA00299FD4 = {
						CreatedOnToolsVersion = 10.0;
					};
					38048A4321CCF8DB00299FD4 = {
						CreatedOnToolsVersion = 10.0;
						TestTargetID = 38048A2F21CCF8DA00299FD4;
					};
					38048A4E21CCF8DB00299FD4 = {
						CreatedOnToolsVersion = 10.0;
						TestTargetID = 38048A2F21CCF8DA00299FD4;
					};
				};
			};
			buildConfigurationList = 38048A2B21CCF8DA00299FD4 /* Build configuration list for PBXProject "ChangeViewSample" */;
			compatibilityVersion = "Xcode 9.3";
			developmentRegion = en;
			hasScannedForEncodings = 0;
			knownRegions = (
				en,
				Base,
			);
			mainGroup = 38048A2721CCF8DA00299FD4;
			productRefGroup = 38048A3121CCF8DA00299FD4 /* Products */;
			projectDirPath = "";
			projectRoot = "";
			targets = (
				38048A2F21CCF8DA00299FD4 /* ChangeViewSample */,
				38048A4321CCF8DB00299FD4 /* ChangeViewSampleTests */,
				38048A4E21CCF8DB00299FD4 /* ChangeViewSampleUITests */,
			);
		};
/* End PBXProject section */

/* Begin PBXResourcesBuildPhase section */
		38048A2E21CCF8DA00299FD4 /* Resources */ = {
			isa = PBXResourcesBuildPhase;
			buildActionMask = 2147483647;
			files = (
				38048A3E21CCF8DB00299FD4 /* LaunchScreen.storyboard in Resources */,
				38048A3B21CCF8DB00299FD4 /* Assets.xcassets in Resources */,
				38048A6421CCF92A00299FD4 /* BlueView.xib in Resources */,
				38048A6221CCF91400299FD4 /* RedView.xib in Resources */,
				38048A3921CCF8DA00299FD4 /* Main.storyboard in Resources */,
			);
			runOnlyForDeploymentPostprocessing = 0;
		};
		38048A4221CCF8DB00299FD4 /* Resources */ = {
			isa = PBXResourcesBuildPhase;
			buildActionMask = 2147483647;
			files = (
			);
			runOnlyForDeploymentPostprocessing = 0;
		};
		38048A4D21CCF8DB00299FD4 /* Resources */ = {
			isa = PBXResourcesBuildPhase;
			buildActionMask = 2147483647;
			files = (
			);
			runOnlyForDeploymentPostprocessing = 0;
		};
/* End PBXResourcesBuildPhase section */

/* Begin PBXSourcesBuildPhase section */
		38048A2C21CCF8DA00299FD4 /* Sources */ = {
			isa = PBXSourcesBuildPhase;
			buildActionMask = 2147483647;
			files = (
				38048A3621CCF8DA00299FD4 /* ViewController.swift in Sources */,
				38048A3421CCF8DA00299FD4 /* AppDelegate.swift in Sources */,
			);
			runOnlyForDeploymentPostprocessing = 0;
		};
		38048A4021CCF8DB00299FD4 /* Sources */ = {
			isa = PBXSourcesBuildPhase;
			buildActionMask = 2147483647;
			files = (
				38048A4921CCF8DB00299FD4 /* ChangeViewSampleTests.swift in Sources */,
			);
			runOnlyForDeploymentPostprocessing = 0;
		};
		38048A4B21CCF8DB00299FD4 /* Sources */ = {
			isa = PBXSourcesBuildPhase;
			buildActionMask = 2147483647;
			files = (
				38048A5421CCF8DB00299FD4 /* ChangeViewSampleUITests.swift in Sources */,
			);
			runOnlyForDeploymentPostprocessing = 0;
		};
/* End PBXSourcesBuildPhase section */

/* Begin PBXTargetDependency section */
		38048A4621CCF8DB00299FD4 /* PBXTargetDependency */ = {
			isa = PBXTargetDependency;
			target = 38048A2F21CCF8DA00299FD4 /* ChangeViewSample */;
			targetProxy = 38048A4521CCF8DB00299FD4 /* PBXContainerItemProxy */;
		};
		38048A5121CCF8DB00299FD4 /* PBXTargetDependency */ = {
			isa = PBXTargetDependency;
			target = 38048A2F21CCF8DA00299FD4 /* ChangeViewSample */;
			targetProxy = 38048A5021CCF8DB00299FD4 /* PBXContainerItemProxy */;
		};
/* End PBXTargetDependency section */

/* Begin PBXVariantGroup section */
		38048A3721CCF8DA00299FD4 /* Main.storyboard */ = {
			isa = PBXVariantGroup;
			children = (
				38048A3821CCF8DA00299FD4 /* Base */,
			);
			name = Main.storyboard;
			sourceTree = "<group>";
		};
		38048A3C21CCF8DB00299FD4 /* LaunchScreen.storyboard */ = {
			isa = PBXVariantGroup;
			children = (
				38048A3D21CCF8DB00299FD4 /* Base */,
			);
			name = LaunchScreen.storyboard;
			sourceTree = "<group>";
		};
/* End PBXVariantGroup section */

/* Begin XCBuildConfiguration section */
		38048A5621CCF8DB00299FD4 /* Debug */ = {
			isa = XCBuildConfiguration;
			buildSettings = {
				ALWAYS_SEARCH_USER_PATHS = NO;
				CLANG_ANALYZER_NONNULL = YES;
				CLANG_ANALYZER_NUMBER_OBJECT_CONVERSION = YES_AGGRESSIVE;
				CLANG_CXX_LANGUAGE_STANDARD = "gnu++14";
				CLANG_CXX_LIBRARY = "libc++";
				CLANG_ENABLE_MODULES = YES;
				CLANG_ENABLE_OBJC_ARC = YES;
				CLANG_ENABLE_OBJC_WEAK = YES;
				CLANG_WARN_BLOCK_CAPTURE_AUTORELEASING = YES;
				CLANG_WARN_BOOL_CONVERSION = YES;
				CLANG_WARN_COMMA = YES;
				CLANG_WARN_CONSTANT_CONVERSION = YES;
				CLANG_WARN_DEPRECATED_OBJC_IMPLEMENTATIONS = YES;
				CLANG_WARN_DIRECT_OBJC_ISA_USAGE = YES_ERROR;
				CLANG_WARN_DOCUMENTATION_COMMENTS = YES;
				CLANG_WARN_EMPTY_BODY = YES;
				CLANG_WARN_ENUM_CONVERSION = YES;
				CLANG_WARN_INFINITE_RECURSION = YES;
				CLANG_WARN_INT_CONVERSION = YES;
				CLANG_WARN_NON_LITERAL_NULL_CONVERSION = YES;
				CLANG_WARN_OBJC_IMPLICIT_RETAIN_SELF = YES;
				CLANG_WARN_OBJC_LITERAL_CONVERSION = YES;
				CLANG_WARN_OBJC_ROOT_CLASS = YES_ERROR;
				CLANG_WARN_RANGE_LOOP_ANALYSIS = YES;
				CLANG_WARN_STRICT_PROTOTYPES = YES;
				CLANG_WARN_SUSPICIOUS_MOVE = YES;
				CLANG_WARN_UNGUARDED_AVAILABILITY = YES_AGGRESSIVE;
				CLANG_WARN_UNREACHABLE_CODE = YES;
				CLANG_WARN__DUPLICATE_METHOD_MATCH = YES;
				CODE_SIGN_IDENTITY = "iPhone Developer";
				COPY_PHASE_STRIP = NO;
				DEBUG_INFORMATION_FORMAT = dwarf;
				ENABLE_STRICT_OBJC_MSGSEND = YES;
				ENABLE_TESTABILITY = YES;
				GCC_C_LANGUAGE_STANDARD = gnu11;
				GCC_DYNAMIC_NO_PIC = NO;
				GCC_NO_COMMON_BLOCKS = YES;
				GCC_OPTIMIZATION_LEVEL = 0;
				GCC_PREPROCESSOR_DEFINITIONS = (
					"DEBUG=1",
					"$(inherited)",
				);
				GCC_WARN_64_TO_32_BIT_CONVERSION = YES;
				GCC_WARN_ABOUT_RETURN_TYPE = YES_ERROR;
				GCC_WARN_UNDECLARED_SELECTOR = YES;
				GCC_WARN_UNINITIALIZED_AUTOS = YES_AGGRESSIVE;
				GCC_WARN_UNUSED_FUNCTION = YES;
				GCC_WARN_UNUSED_VARIABLE = YES;
				IPHONEOS_DEPLOYMENT_TARGET = 12.0;
				MTL_ENABLE_DEBUG_INFO = INCLUDE_SOURCE;
				MTL_FAST_MATH = YES;
				ONLY_ACTIVE_ARCH = YES;
				SDKROOT = iphoneos;
				SWIFT_ACTIVE_COMPILATION_CONDITIONS = DEBUG;
				SWIFT_OPTIMIZATION_LEVEL = "-Onone";
			};
			name = Debug;
		};
		38048A5721CCF8DB00299FD4 /* Release */ = {
			isa = XCBuildConfiguration;
			buildSettings = {
				ALWAYS_SEARCH_USER_PATHS = NO;
				CLANG_ANALYZER_NONNULL = YES;
				CLANG_ANALYZER_NUMBER_OBJECT_CONVERSION = YES_AGGRESSIVE;
				CLANG_CXX_LANGUAGE_STANDARD = "gnu++14";
				CLANG_CXX_LIBRARY = "libc++";
				CLANG_ENABLE_MODULES = YES;
				CLANG_ENABLE_OBJC_ARC = YES;
				CLANG_ENABLE_OBJC_WEAK = YES;
				CLANG_WARN_BLOCK_CAPTURE_AUTORELEASING = YES;
				CLANG_WARN_BOOL_CONVERSION = YES;
				CLANG_WARN_COMMA = YES;
				CLANG_WARN_CONSTANT_CONVERSION = YES;
				CLANG_WARN_DEPRECATED_OBJC_IMPLEMENTATIONS = YES;
				CLANG_WARN_DIRECT_OBJC_ISA_USAGE = YES_ERROR;
				CLANG_WARN_DOCUMENTATION_COMMENTS = YES;
				CLANG_WARN_EMPTY_BODY = YES;
				CLANG_WARN_ENUM_CONVERSION = YES;
				CLANG_WARN_INFINITE_RECURSION = YES;
				CLANG_WARN_INT_CONVERSION = YES;
				CLANG_WARN_NON_LITERAL_NULL_CONVERSION = YES;
				CLANG_WARN_OBJC_IMPLICIT_RETAIN_SELF = YES;
				CLANG_WARN_OBJC_LITERAL_CONVERSION = YES;
				CLANG_WARN_OBJC_ROOT_CLASS = YES_ERROR;
				CLANG_WARN_RANGE_LOOP_ANALYSIS = YES;
				CLANG_WARN_STRICT_PROTOTYPES = YES;
				CLANG_WARN_SUSPICIOUS_MOVE = YES;
				CLANG_WARN_UNGUARDED_AVAILABILITY = YES_AGGRESSIVE;
				CLANG_WARN_UNREACHABLE_CODE = YES;
				CLANG_WARN__DUPLICATE_METHOD_MATCH = YES;
				CODE_SIGN_IDENTITY = "iPhone Developer";
				COPY_PHASE_STRIP = NO;
				DEBUG_INFORMATION_FORMAT = "dwarf-with-dsym";
				ENABLE_NS_ASSERTIONS = NO;
				ENABLE_STRICT_OBJC_MSGSEND = YES;
				GCC_C_LANGUAGE_STANDARD = gnu11;
				GCC_NO_COMMON_BLOCKS = YES;
				GCC_WARN_64_TO_32_BIT_CONVERSION = YES;
				GCC_WARN_ABOUT_RETURN_TYPE = YES_ERROR;
				GCC_WARN_UNDECLARED_SELECTOR = YES;
				GCC_WARN_UNINITIALIZED_AUTOS = YES_AGGRESSIVE;
				GCC_WARN_UNUSED_FUNCTION = YES;
				GCC_WARN_UNUSED_VARIABLE = YES;
				IPHONEOS_DEPLOYMENT_TARGET = 12.0;
				MTL_ENABLE_DEBUG_INFO = NO;
				MTL_FAST_MATH = YES;
				SDKROOT = iphoneos;
				SWIFT_COMPILATION_MODE = wholemodule;
				SWIFT_OPTIMIZATION_LEVEL = "-O";
				VALIDATE_PRODUCT = YES;
			};
			name = Release;
		};
		38048A5921CCF8DB00299FD4 /* Debug */ = {
			isa = XCBuildConfiguration;
			buildSettings = {
				ASSETCATALOG_COMPILER_APPICON_NAME = AppIcon;
				CODE_SIGN_STYLE = Automatic;
				DEVELOPMENT_TEAM = 5NY42JW3W2;
				INFOPLIST_FILE = ChangeViewSample/Info.plist;
				LD_RUNPATH_SEARCH_PATHS = (
					"$(inherited)",
					"@executable_path/Frameworks",
				);
				PRODUCT_BUNDLE_IDENTIFIER = com.testapp.ChangeViewSample;
				PRODUCT_NAME = "$(TARGET_NAME)";
				SWIFT_VERSION = 4.2;
				TARGETED_DEVICE_FAMILY = "1,2";
			};
			name = Debug;
		};
		38048A5A21CCF8DB00299FD4 /* Release */ = {
			isa = XCBuildConfiguration;
			buildSettings = {
				ASSETCATALOG_COMPILER_APPICON_NAME = AppIcon;
				CODE_SIGN_STYLE = Automatic;
				DEVELOPMENT_TEAM = 5NY42JW3W2;
				INFOPLIST_FILE = ChangeViewSample/Info.plist;
				LD_RUNPATH_SEARCH_PATHS = (
					"$(inherited)",
					"@executable_path/Frameworks",
				);
				PRODUCT_BUNDLE_IDENTIFIER = com.testapp.ChangeViewSample;
				PRODUCT_NAME = "$(TARGET_NAME)";
				SWIFT_VERSION = 4.2;
				TARGETED_DEVICE_FAMILY = "1,2";
			};
			name = Release;
		};
		38048A5C21CCF8DB00299FD4 /* Debug */ = {
			isa = XCBuildConfiguration;
			buildSettings = {
				ALWAYS_EMBED_SWIFT_STANDARD_LIBRARIES = YES;
				BUNDLE_LOADER = "$(TEST_HOST)";
				CODE_SIGN_STYLE = Automatic;
				INFOPLIST_FILE = ChangeViewSampleTests/Info.plist;
				LD_RUNPATH_SEARCH_PATHS = (
					"$(inherited)",
					"@executable_path/Frameworks",
					"@loader_path/Frameworks",
				);
				PRODUCT_BUNDLE_IDENTIFIER = com.testapp.ChangeViewSampleTests;
				PRODUCT_NAME = "$(TARGET_NAME)";
				SWIFT_VERSION = 4.2;
				TARGETED_DEVICE_FAMILY = "1,2";
				TEST_HOST = "$(BUILT_PRODUCTS_DIR)/ChangeViewSample.app/ChangeViewSample";
			};
			name = Debug;
		};
		38048A5D21CCF8DB00299FD4 /* Release */ = {
			isa = XCBuildConfiguration;
			buildSettings = {
				ALWAYS_EMBED_SWIFT_STANDARD_LIBRARIES = YES;
				BUNDLE_LOADER = "$(TEST_HOST)";
				CODE_SIGN_STYLE = Automatic;
				INFOPLIST_FILE = ChangeViewSampleTests/Info.plist;
				LD_RUNPATH_SEARCH_PATHS = (
					"$(inherited)",
					"@executable_path/Frameworks",
					"@loader_path/Frameworks",
				);
				PRODUCT_BUNDLE_IDENTIFIER = com.testapp.ChangeViewSampleTests;
				PRODUCT_NAME = "$(TARGET_NAME)";
				SWIFT_VERSION = 4.2;
				TARGETED_DEVICE_FAMILY = "1,2";
				TEST_HOST = "$(BUILT_PRODUCTS_DIR)/ChangeViewSample.app/ChangeViewSample";
			};
			name = Release;
		};
		38048A5F21CCF8DB00299FD4 /* Debug */ = {
			isa = XCBuildConfiguration;
			buildSettings = {
				ALWAYS_EMBED_SWIFT_STANDARD_LIBRARIES = YES;
				CODE_SIGN_STYLE = Automatic;
				INFOPLIST_FILE = ChangeViewSampleUITests/Info.plist;
				LD_RUNPATH_SEARCH_PATHS = (
					"$(inherited)",
					"@executable_path/Frameworks",
					"@loader_path/Frameworks",
				);
				PRODUCT_BUNDLE_IDENTIFIER = com.testapp.ChangeViewSampleUITests;
				PRODUCT_NAME = "$(TARGET_NAME)";
				SWIFT_VERSION = 4.2;
				TARGETED_DEVICE_FAMILY = "1,2";
				TEST_TARGET_NAME = ChangeViewSample;
			};
			name = Debug;
		};
		38048A6021CCF8DB00299FD4 /* Release */ = {
			isa = XCBuildConfiguration;
			buildSettings = {
				ALWAYS_EMBED_SWIFT_STANDARD_LIBRARIES = YES;
				CODE_SIGN_STYLE = Automatic;
				INFOPLIST_FILE = ChangeViewSampleUITests/Info.plist;
				LD_RUNPATH_SEARCH_PATHS = (
					"$(inherited)",
					"@executable_path/Frameworks",
					"@loader_path/Frameworks",
				);
				PRODUCT_BUNDLE_IDENTIFIER = com.testapp.ChangeViewSampleUITests;
				PRODUCT_NAME = "$(TARGET_NAME)";
				SWIFT_VERSION = 4.2;
				TARGETED_DEVICE_FAMILY = "1,2";
				TEST_TARGET_NAME = ChangeViewSample;
			};
			name = Release;
		};
/* End XCBuildConfiguration section */

/* Begin XCConfigurationList section */
		38048A2B21CCF8DA00299FD4 /* Build configuration list for PBXProject "ChangeViewSample" */ = {
			isa = XCConfigurationList;
			buildConfigurations = (
				38048A5621CCF8DB00299FD4 /* Debug */,
				38048A5721CCF8DB00299FD4 /* Release */,
			);
			defaultConfigurationIsVisible = 0;
			defaultConfigurationName = Release;
		};
		38048A5821CCF8DB00299FD4 /* Build configuration list for PBXNativeTarget "ChangeViewSample" */ = {
			isa = XCConfigurationList;
			buildConfigurations = (
				38048A5921CCF8DB00299FD4 /* Debug */,
				38048A5A21CCF8DB00299FD4 /* Release */,
			);
			defaultConfigurationIsVisible = 0;
			defaultConfigurationName = Release;
		};
		38048A5B21CCF8DB00299FD4 /* Build configuration list for PBXNativeTarget "ChangeViewSampleTests" */ = {
			isa = XCConfigurationList;
			buildConfigurations = (
				38048A5C21CCF8DB00299FD4 /* Debug */,
				38048A5D21CCF8DB00299FD4 /* Release */,
			);
			defaultConfigurationIsVisible = 0;
			defaultConfigurationName = Release;
		};
		38048A5E21CCF8DB00299FD4 /* Build configuration list for PBXNativeTarget "ChangeViewSampleUITests" */ = {
			isa = XCConfigurationList;
			buildConfigurations = (
				38048A5F21CCF8DB00299FD4 /* Debug */,
				38048A6021CCF8DB00299FD4 /* Release */,
			);
			defaultConfigurationIsVisible = 0;
			defaultConfigurationName = Release;
		};
/* End XCConfigurationList section */
	};
	rootObject = 38048A2821CCF8DA00299FD4 /* Project object */;
}
